
Microsoft Visual Studio Solution File, Format Version 12.00
# Visual Studio Version 17
VisualStudioVersion = 17.0.31912.275
MinimumVisualStudioVersion = 10.0.40219.1
Project("{8BC9CEB8-8B4A-11D0-8D11-00A0C91BC942}") = "C++大作业1", "C++大作业1.vcxproj", "{907F1833-C578-42E9-BCE8-5F03926AF946}"
EndProject
Global
	GlobalSection(SolutionConfigurationPlatforms) = preSolution
		Debug|x64 = Debug|x64
		Debug|x86 = Debug|x86
		Release|x64 = Release|x64
		Release|x86 = Release|x86
	EndGlobalSection
	GlobalSection(ProjectConfigurationPlatforms) = postSolution
		{907F1833-C578-42E9-BCE8-5F03926AF946}.Debug|x64.ActiveCfg = Debug|x64
		{907F1833-C578-42E9-BCE8-5F03926AF946}.Debug|x64.Build.0 = Debug|x64
		{907F1833-C578-42E9-BCE8-5F03926AF946}.Debug|x86.ActiveCfg = Debug|Win32
		{907F1833-C578-42E9-BCE8-5F03926AF946}.Debug|x86.Build.0 = Debug|Win32
		{907F1833-C578-42E9-BCE8-5F03926AF946}.Release|x64.ActiveCfg = Release|x64
		{907F1833-C578-42E9-BCE8-5F03926AF946}.Release|x64.Build.0 = Release|x64
		{907F1833-C578-42E9-BCE8-5F03926AF946}.Release|x86.ActiveCfg = Release|Win32
		{907F1833-C578-42E9-BCE8-5F03926AF946}.Release|x86.Build.0 = Release|Win32
	EndGlobalSection
	GlobalSection(SolutionProperties) = preSolution
		HideSolutionNode = FALSE
	EndGlobalSection
	GlobalSection(ExtensibilityGlobals) = postSolution
		SolutionGuid = {9A9BBEA5-ED39-40D5-BCB7-EF0C05241EEA}
	EndGlobalSection
EndGlobal
